
Microsoft Visual Studio Solution File, Format Version 12.00
# Visual Studio Version 17
VisualStudioVersion = 17.8.34408.163
MinimumVisualStudioVersion = 10.0.40219.1
Project("{FAE04EC0-301F-11D3-BF4B-00C04F79EFBC}") = "IPgrab", "IPgrab.csproj", "{4479F8E0-A9FB-4C82-9B18-FDCAE9D6F317}"
EndProject
Global
	GlobalSection(SolutionConfigurationPlatforms) = preSolution
		Debug|Any CPU = Debug|Any CPU
		Release|Any CPU = Release|Any CPU
	EndGlobalSection
	GlobalSection(ProjectConfigurationPlatforms) = postSolution
		{4479F8E0-A9FB-4C82-9B18-FDCAE9D6F317}.Debug|Any CPU.ActiveCfg = Debug|Any CPU
		{4479F8E0-A9FB-4C82-9B18-FDCAE9D6F317}.Debug|Any CPU.Build.0 = Debug|Any CPU
		{4479F8E0-A9FB-4C82-9B18-FDCAE9D6F317}.Release|Any CPU.ActiveCfg = Release|Any CPU
		{4479F8E0-A9FB-4C82-9B18-FDCAE9D6F317}.Release|Any CPU.Build.0 = Release|Any CPU
	EndGlobalSection
	GlobalSection(SolutionProperties) = preSolution
		HideSolutionNode = FALSE
	EndGlobalSection
	GlobalSection(ExtensibilityGlobals) = postSolution
		SolutionGuid = {ECCA4E3E-A417-4F12-9FB3-BD94836DB4F9}
	EndGlobalSection
EndGlobal
